// !$*UTF8*$!
{
	archiveVersion = 1;
	classes = {
	};
	objectVersion = 77;
	objects = {

/* Begin PBXContainerItemProxy section */
		D9838DCE2D50C54500E99D23 /* PBXContainerItemProxy */ = {
			isa = PBXContainerItemProxy;
			containerPortal = D9838DB12D50C54400E99D23 /* Project object */;
			proxyType = 1;
			remoteGlobalIDString = D9838DB82D50C54400E99D23;
			remoteInfo = Stock_Crypto_AI;
		};
		D9838DD82D50C54500E99D23 /* PBXContainerItemProxy */ = {
			isa = PBXContainerItemProxy;
			containerPortal = D9838DB12D50C54400E99D23 /* Project object */;
			proxyType = 1;
			remoteGlobalIDString = D9838DB82D50C54400E99D23;
			remoteInfo = Stock_Crypto_AI;
		};
/* End PBXContainerItemProxy section */

/* Begin PBXFileReference section */
		D9838DB92D50C54400E99D23 /* Stock_Crypto_AI.app */ = {isa = PBXFileReference; explicitFileType = wrapper.application; includeInIndex = 0; path = Stock_Crypto_AI.app; sourceTree = BUILT_PRODUCTS_DIR; };
		D9838DCD2D50C54500E99D23 /* Stock_Crypto_AITests.xctest */ = {isa = PBXFileReference; explicitFileType = wrapper.cfbundle; includeInIndex = 0; path = Stock_Crypto_AITests.xctest; sourceTree = BUILT_PRODUCTS_DIR; };
		D9838DD72D50C54500E99D23 /* Stock_Crypto_AIUITests.xctest */ = {isa = PBXFileReference; explicitFileType = wrapper.cfbundle; includeInIndex = 0; path = Stock_Crypto_AIUITests.xctest; sourceTree = BUILT_PRODUCTS_DIR; };
/* End PBXFileReference section */

/* Begin PBXFileSystemSynchronizedBuildFileExceptionSet section */
		D9838DDF2D50C54500E99D23 /* Exceptions for "Stock_Crypto_AI" folder in "Stock_Crypto_AI" target */ = {
			isa = PBXFileSystemSynchronizedBuildFileExceptionSet;
			membershipExceptions = (
				Info.plist,
			);
			target = D9838DB82D50C54400E99D23 /* Stock_Crypto_AI */;
		};
/* End PBXFileSystemSynchronizedBuildFileExceptionSet section */

/* Begin PBXFileSystemSynchronizedRootGroup section */
		D9838DBB2D50C54400E99D23 /* Stock_Crypto_AI */ = {
			isa = PBXFileSystemSynchronizedRootGroup;
			exceptions = (
				D9838DDF2D50C54500E99D23 /* Exceptions for "Stock_Crypto_AI" folder in "Stock_Crypto_AI" target */,
			);
			path = Stock_Crypto_AI;
			sourceTree = "<group>";
		};
		D9838DD02D50C54500E99D23 /* Stock_Crypto_AITests */ = {
			isa = PBXFileSystemSynchronizedRootGroup;
			path = Stock_Crypto_AITests;
			sourceTree = "<group>";
		};
		D9838DDA2D50C54500E99D23 /* Stock_Crypto_AIUITests */ = {
			isa = PBXFileSystemSynchronizedRootGroup;
			path = Stock_Crypto_AIUITests;
			sourceTree = "<group>";
		};
/* End PBXFileSystemSynchronizedRootGroup section */

/* Begin PBXFrameworksBuildPhase section */
		D9838DB62D50C54400E99D23 /* Frameworks */ = {
			isa = PBXFrameworksBuildPhase;
			buildActionMask = 2147483647;
			files = (
			);
			runOnlyForDeploymentPostprocessing = 0;
		};
		D9838DCA2D50C54500E99D23 /* Frameworks */ = {
			isa = PBXFrameworksBuildPhase;
			buildActionMask = 2147483647;
			files = (
			);
			runOnlyForDeploymentPostprocessing = 0;
		};
		D9838DD42D50C54500E99D23 /* Frameworks */ = {
			isa = PBXFrameworksBuildPhase;
			buildActionMask = 2147483647;
			files = (
			);
			runOnlyForDeploymentPostprocessing = 0;
		};
/* End PBXFrameworksBuildPhase section */

/* Begin PBXGroup section */
		D9838DB02D50C54400E99D23 = {
			isa = PBXGroup;
			children = (
				D9838DBB2D50C54400E99D23 /* Stock_Crypto_AI */,
				D9838DD02D50C54500E99D23 /* Stock_Crypto_AITests */,
				D9838DDA2D50C54500E99D23 /* Stock_Crypto_AIUITests */,
				D9838DBA2D50C54400E99D23 /* Products */,
			);
			sourceTree = "<group>";
		};
		D9838DBA2D50C54400E99D23 /* Products */ = {
			isa = PBXGroup;
			children = (
				D9838DB92D50C54400E99D23 /* Stock_Crypto_AI.app */,
				D9838DCD2D50C54500E99D23 /* Stock_Crypto_AITests.xctest */,
				D9838DD72D50C54500E99D23 /* Stock_Crypto_AIUITests.xctest */,
			);
			name = Products;
			sourceTree = "<group>";
		};
/* End PBXGroup section */

/* Begin PBXNativeTarget section */
		D9838DB82D50C54400E99D23 /* Stock_Crypto_AI */ = {
			isa = PBXNativeTarget;
			buildConfigurationList = D9838DE02D50C54500E99D23 /* Build configuration list for PBXNativeTarget "Stock_Crypto_AI" */;
			buildPhases = (
				D9838DB52D50C54400E99D23 /* Sources */,
				D9838DB62D50C54400E99D23 /* Frameworks */,
				D9838DB72D50C54400E99D23 /* Resources */,
			);
			buildRules = (
			);
			dependencies = (
			);
			fileSystemSynchronizedGroups = (
				D9838DBB2D50C54400E99D23 /* Stock_Crypto_AI */,
			);
			name = Stock_Crypto_AI;
			packageProductDependencies = (
			);
			productName = Stock_Crypto_AI;
			productReference = D9838DB92D50C54400E99D23 /* Stock_Crypto_AI.app */;
			productType = "com.apple.product-type.application";
		};
		D9838DCC2D50C54500E99D23 /* Stock_Crypto_AITests */ = {
			isa = PBXNativeTarget;
			buildConfigurationList = D9838DE52D50C54500E99D23 /* Build configuration list for PBXNativeTarget "Stock_Crypto_AITests" */;
			buildPhases = (
				D9838DC92D50C54500E99D23 /* Sources */,
				D9838DCA2D50C54500E99D23 /* Frameworks */,
				D9838DCB2D50C54500E99D23 /* Resources */,
			);
			buildRules = (
			);
			dependencies = (
				D9838DCF2D50C54500E99D23 /* PBXTargetDependency */,
			);
			fileSystemSynchronizedGroups = (
				D9838DD02D50C54500E99D23 /* Stock_Crypto_AITests */,
			);
			name = Stock_Crypto_AITests;
			packageProductDependencies = (
			);
			productName = Stock_Crypto_AITests;
			productReference = D9838DCD2D50C54500E99D23 /* Stock_Crypto_AITests.xctest */;
			productType = "com.apple.product-type.bundle.unit-test";
		};
		D9838DD62D50C54500E99D23 /* Stock_Crypto_AIUITests */ = {
			isa = PBXNativeTarget;
			buildConfigurationList = D9838DE82D50C54500E99D23 /* Build configuration list for PBXNativeTarget "Stock_Crypto_AIUITests" */;
			buildPhases = (
				D9838DD32D50C54500E99D23 /* Sources */,
				D9838DD42D50C54500E99D23 /* Frameworks */,
				D9838DD52D50C54500E99D23 /* Resources */,
			);
			buildRules = (
			);
			dependencies = (
				D9838DD92D50C54500E99D23 /* PBXTargetDependency */,
			);
			fileSystemSynchronizedGroups = (
				D9838DDA2D50C54500E99D23 /* Stock_Crypto_AIUITests */,
			);
			name = Stock_Crypto_AIUITests;
			packageProductDependencies = (
			);
			productName = Stock_Crypto_AIUITests;
			productReference = D9838DD72D50C54500E99D23 /* Stock_Crypto_AIUITests.xctest */;
			productType = "com.apple.product-type.bundle.ui-testing";
		};
/* End PBXNativeTarget section */

/* Begin PBXProject section */
		D9838DB12D50C54400E99D23 /* Project object */ = {
			isa = PBXProject;
			attributes = {
				BuildIndependentTargetsInParallel = 1;
				LastSwiftUpdateCheck = 1620;
				LastUpgradeCheck = 1620;
				TargetAttributes = {
					D9838DB82D50C54400E99D23 = {
						CreatedOnToolsVersion = 16.2;
					};
					D9838DCC2D50C54500E99D23 = {
						CreatedOnToolsVersion = 16.2;
						TestTargetID = D9838DB82D50C54400E99D23;
					};
					D9838DD62D50C54500E99D23 = {
						CreatedOnToolsVersion = 16.2;
						TestTargetID = D9838DB82D50C54400E99D23;
					};
				};
			};
			buildConfigurationList = D9838DB42D50C54400E99D23 /* Build configuration list for PBXProject "Stock_Crypto_AI" */;
			developmentRegion = en;
			hasScannedForEncodings = 0;
			knownRegions = (
				en,
				Base,
			);
			mainGroup = D9838DB02D50C54400E99D23;
			minimizedProjectReferenceProxies = 1;
			preferredProjectObjectVersion = 77;
			productRefGroup = D9838DBA2D50C54400E99D23 /* Products */;
			projectDirPath = "";
			projectRoot = "";
			targets = (
				D9838DB82D50C54400E99D23 /* Stock_Crypto_AI */,
				D9838DCC2D50C54500E99D23 /* Stock_Crypto_AITests */,
				D9838DD62D50C54500E99D23 /* Stock_Crypto_AIUITests */,
			);
		};
/* End PBXProject section */

/* Begin PBXResourcesBuildPhase section */
		D9838DB72D50C54400E99D23 /* Resources */ = {
			isa = PBXResourcesBuildPhase;
			buildActionMask = 2147483647;
			files = (
			);
			runOnlyForDeploymentPostprocessing = 0;
		};
		D9838DCB2D50C54500E99D23 /* Resources */ = {
			isa = PBXResourcesBuildPhase;
			buildActionMask = 2147483647;
			files = (
			);
			runOnlyForDeploymentPostprocessing = 0;
		};
		D9838DD52D50C54500E99D23 /* Resources */ = {
			isa = PBXResourcesBuildPhase;
			buildActionMask = 2147483647;
			files = (
			);
			runOnlyForDeploymentPostprocessing = 0;
		};
/* End PBXResourcesBuildPhase section */

/* Begin PBXSourcesBuildPhase section */
		D9838DB52D50C54400E99D23 /* Sources */ = {
			isa = PBXSourcesBuildPhase;
			buildActionMask = 2147483647;
			files = (
			);
			runOnlyForDeploymentPostprocessing = 0;
		};
		D9838DC92D50C54500E99D23 /* Sources */ = {
			isa = PBXSourcesBuildPhase;
			buildActionMask = 2147483647;
			files = (
			);
			runOnlyForDeploymentPostprocessing = 0;
		};
		D9838DD32D50C54500E99D23 /* Sources */ = {
			isa = PBXSourcesBuildPhase;
			buildActionMask = 2147483647;
			files = (
			);
			runOnlyForDeploymentPostprocessing = 0;
		};
/* End PBXSourcesBuildPhase section */

/* Begin PBXTargetDependency section */
		D9838DCF2D50C54500E99D23 /* PBXTargetDependency */ = {
			isa = PBXTargetDependency;
			target = D9838DB82D50C54400E99D23 /* Stock_Crypto_AI */;
			targetProxy = D9838DCE2D50C54500E99D23 /* PBXContainerItemProxy */;
		};
		D9838DD92D50C54500E99D23 /* PBXTargetDependency */ = {
			isa = PBXTargetDependency;
			target = D9838DB82D50C54400E99D23 /* Stock_Crypto_AI */;
			targetProxy = D9838DD82D50C54500E99D23 /* PBXContainerItemProxy */;
		};
/* End PBXTargetDependency section */

/* Begin XCBuildConfiguration section */
		D9838DE12D50C54500E99D23 /* Debug */ = {
			isa = XCBuildConfiguration;
			buildSettings = {
				ASSETCATALOG_COMPILER_APPICON_NAME = AppIcon;
				ASSETCATALOG_COMPILER_GLOBAL_ACCENT_COLOR_NAME = AccentColor;
				CODE_SIGN_ENTITLEMENTS = Stock_Crypto_AI/Stock_Crypto_AI.entitlements;
				CODE_SIGN_STYLE = Automatic;
				CURRENT_PROJECT_VERSION = 1;
				DEVELOPMENT_ASSET_PATHS = "\"Stock_Crypto_AI/Preview Content\"";
				ENABLE_PREVIEWS = YES;
				GENERATE_INFOPLIST_FILE = YES;
				INFOPLIST_FILE = Stock_Crypto_AI/Info.plist;
				INFOPLIST_KEY_UIApplicationSceneManifest_Generation = YES;
				INFOPLIST_KEY_UIApplicationSupportsIndirectInputEvents = YES;
				INFOPLIST_KEY_UILaunchScreen_Generation = YES;
				INFOPLIST_KEY_UISupportedInterfaceOrientations_iPad = "UIInterfaceOrientationPortrait UIInterfaceOrientationPortraitUpsideDown UIInterfaceOrientationLandscapeLeft UIInterfaceOrientationLandscapeRight";
				INFOPLIST_KEY_UISupportedInterfaceOrientations_iPhone = "UIInterfaceOrientationPortrait UIInterfaceOrientationLandscapeLeft UIInterfaceOrientationLandscapeRight";
				LD_RUNPATH_SEARCH_PATHS = (
					"$(inherited)",
					"@executable_path/Frameworks",
				);
				MARKETING_VERSION = 1.0;
				PRODUCT_BUNDLE_IDENTIFIER = "LS-.Stock-Crypto-AI";
				PRODUCT_NAME = "$(TARGET_NAME)";
				SWIFT_EMIT_LOC_STRINGS = YES;
				SWIFT_VERSION = 5.0;
				TARGETED_DEVICE_FAMILY = "1,2";
			};
			name = Debug;
		};
		D9838DE22D50C54500E99D23 /* Release */ = {
			isa = XCBuildConfiguration;
			buildSettings = {
				ASSETCATALOG_COMPILER_APPICON_NAME = AppIcon;
				ASSETCATALOG_COMPILER_GLOBAL_ACCENT_COLOR_NAME = AccentColor;
				CODE_SIGN_ENTITLEMENTS = Stock_Crypto_AI/Stock_Crypto_AI.entitlements;
				CODE_SIGN_STYLE = Automatic;
				CURRENT_PROJECT_VERSION = 1;
				DEVELOPMENT_ASSET_PATHS = "\"Stock_Crypto_AI/Preview Content\"";
				ENABLE_PREVIEWS = YES;
				GENERATE_INFOPLIST_FILE = YES;
				INFOPLIST_FILE = Stock_Crypto_AI/Info.plist;
				INFOPLIST_KEY_UIApplicationSceneManifest_Generation = YES;
				INFOPLIST_KEY_UIApplicationSupportsIndirectInputEvents = YES;
				INFOPLIST_KEY_UILaunchScreen_Generation = YES;
				INFOPLIST_KEY_UISupportedInterfaceOrientations_iPad = "UIInterfaceOrientationPortrait UIInterfaceOrientationPortraitUpsideDown UIInterfaceOrientationLandscapeLeft UIInterfaceOrientationLandscapeRight";
				INFOPLIST_KEY_UISupportedInterfaceOrientations_iPhone = "UIInterfaceOrientationPortrait UIInterfaceOrientationLandscapeLeft UIInterfaceOrientationLandscapeRight";
				LD_RUNPATH_SEARCH_PATHS = (
					"$(inherited)",
					"@executable_path/Frameworks",
				);
				MARKETING_VERSION = 1.0;
				PRODUCT_BUNDLE_IDENTIFIER = "LS-.Stock-Crypto-AI";
				PRODUCT_NAME = "$(TARGET_NAME)";
				SWIFT_EMIT_LOC_STRINGS = YES;
				SWIFT_VERSION = 5.0;
				TARGETED_DEVICE_FAMILY = "1,2";
			};
			name = Release;
		};
		D9838DE32D50C54500E99D23 /* Debug */ = {
			isa = XCBuildConfiguration;
			buildSettings = {
				ALWAYS_SEARCH_USER_PATHS = NO;
				ASSETCATALOG_COMPILER_GENERATE_SWIFT_ASSET_SYMBOL_EXTENSIONS = YES;
				CLANG_ANALYZER_NONNULL = YES;
				CLANG_ANALYZER_NUMBER_OBJECT_CONVERSION = YES_AGGRESSIVE;
				CLANG_CXX_LANGUAGE_STANDARD = "gnu++20";
				CLANG_ENABLE_MODULES = YES;
				CLANG_ENABLE_OBJC_ARC = YES;
				CLANG_ENABLE_OBJC_WEAK = YES;
				CLANG_WARN_BLOCK_CAPTURE_AUTORELEASING = YES;
				CLANG_WARN_BOOL_CONVERSION = YES;
				CLANG_WARN_COMMA = YES;
				CLANG_WARN_CONSTANT_CONVERSION = YES;
				CLANG_WARN_DEPRECATED_OBJC_IMPLEMENTATIONS = YES;
				CLANG_WARN_DIRECT_OBJC_ISA_USAGE = YES_ERROR;
				CLANG_WARN_DOCUMENTATION_COMMENTS = YES;
				CLANG_WARN_EMPTY_BODY = YES;
				CLANG_WARN_ENUM_CONVERSION = YES;
				CLANG_WARN_INFINITE_RECURSION = YES;
				CLANG_WARN_INT_CONVERSION = YES;
				CLANG_WARN_NON_LITERAL_NULL_CONVERSION = YES;
				CLANG_WARN_OBJC_IMPLICIT_RETAIN_SELF = YES;
				CLANG_WARN_OBJC_LITERAL_CONVERSION = YES;
				CLANG_WARN_OBJC_ROOT_CLASS = YES_ERROR;
				CLANG_WARN_QUOTED_INCLUDE_IN_FRAMEWORK_HEADER = YES;
				CLANG_WARN_RANGE_LOOP_ANALYSIS = YES;
				CLANG_WARN_STRICT_PROTOTYPES = YES;
				CLANG_WARN_SUSPICIOUS_MOVE = YES;
				CLANG_WARN_UNGUARDED_AVAILABILITY = YES_AGGRESSIVE;
				CLANG_WARN_UNREACHABLE_CODE = YES;
				CLANG_WARN__DUPLICATE_METHOD_MATCH = YES;
				COPY_PHASE_STRIP = NO;
				DEBUG_INFORMATION_FORMAT = dwarf;
				ENABLE_STRICT_OBJC_MSGSEND = YES;
				ENABLE_TESTABILITY = YES;
				ENABLE_USER_SCRIPT_SANDBOXING = YES;
				GCC_C_LANGUAGE_STANDARD = gnu17;
				GCC_DYNAMIC_NO_PIC = NO;
				GCC_NO_COMMON_BLOCKS = YES;
				GCC_OPTIMIZATION_LEVEL = 0;
				GCC_PREPROCESSOR_DEFINITIONS = (
					"DEBUG=1",
					"$(inherited)",
				);
				GCC_WARN_64_TO_32_BIT_CONVERSION = YES;
				GCC_WARN_ABOUT_RETURN_TYPE = YES_ERROR;
				GCC_WARN_UNDECLARED_SELECTOR = YES;
				GCC_WARN_UNINITIALIZED_AUTOS = YES_AGGRESSIVE;
				GCC_WARN_UNUSED_FUNCTION = YES;
				GCC_WARN_UNUSED_VARIABLE = YES;
				IPHONEOS_DEPLOYMENT_TARGET = 18.2;
				LOCALIZATION_PREFERS_STRING_CATALOGS = YES;
				MTL_ENABLE_DEBUG_INFO = INCLUDE_SOURCE;
				MTL_FAST_MATH = YES;
				ONLY_ACTIVE_ARCH = YES;
				SDKROOT = iphoneos;
				SWIFT_ACTIVE_COMPILATION_CONDITIONS = "DEBUG $(inherited)";
				SWIFT_OPTIMIZATION_LEVEL = "-Onone";
			};
			name = Debug;
		};
		D9838DE42D50C54500E99D23 /* Release */ = {
			isa = XCBuildConfiguration;
			buildSettings = {
				ALWAYS_SEARCH_USER_PATHS = NO;
				ASSETCATALOG_COMPILER_GENERATE_SWIFT_ASSET_SYMBOL_EXTENSIONS = YES;
				CLANG_ANALYZER_NONNULL = YES;
				CLANG_ANALYZER_NUMBER_OBJECT_CONVERSION = YES_AGGRESSIVE;
				CLANG_CXX_LANGUAGE_STANDARD = "gnu++20";
				CLANG_ENABLE_MODULES = YES;
				CLANG_ENABLE_OBJC_ARC = YES;
				CLANG_ENABLE_OBJC_WEAK = YES;
				CLANG_WARN_BLOCK_CAPTURE_AUTORELEASING = YES;
				CLANG_WARN_BOOL_CONVERSION = YES;
				CLANG_WARN_COMMA = YES;
				CLANG_WARN_CONSTANT_CONVERSION = YES;
				CLANG_WARN_DEPRECATED_OBJC_IMPLEMENTATIONS = YES;
				CLANG_WARN_DIRECT_OBJC_ISA_USAGE = YES_ERROR;
				CLANG_WARN_DOCUMENTATION_COMMENTS = YES;
				CLANG_WARN_EMPTY_BODY = YES;
				CLANG_WARN_ENUM_CONVERSION = YES;
				CLANG_WARN_INFINITE_RECURSION = YES;
				CLANG_WARN_INT_CONVERSION = YES;
				CLANG_WARN_NON_LITERAL_NULL_CONVERSION = YES;
				CLANG_WARN_OBJC_IMPLICIT_RETAIN_SELF = YES;
				CLANG_WARN_OBJC_LITERAL_CONVERSION = YES;
				CLANG_WARN_OBJC_ROOT_CLASS = YES_ERROR;
				CLANG_WARN_QUOTED_INCLUDE_IN_FRAMEWORK_HEADER = YES;
				CLANG_WARN_RANGE_LOOP_ANALYSIS = YES;
				CLANG_WARN_STRICT_PROTOTYPES = YES;
				CLANG_WARN_SUSPICIOUS_MOVE = YES;
				CLANG_WARN_UNGUARDED_AVAILABILITY = YES_AGGRESSIVE;
				CLANG_WARN_UNREACHABLE_CODE = YES;
				CLANG_WARN__DUPLICATE_METHOD_MATCH = YES;
				COPY_PHASE_STRIP = NO;
				DEBUG_INFORMATION_FORMAT = "dwarf-with-dsym";
				ENABLE_NS_ASSERTIONS = NO;
				ENABLE_STRICT_OBJC_MSGSEND = YES;
				ENABLE_USER_SCRIPT_SANDBOXING = YES;
				GCC_C_LANGUAGE_STANDARD = gnu17;
				GCC_NO_COMMON_BLOCKS = YES;
				GCC_WARN_64_TO_32_BIT_CONVERSION = YES;
				GCC_WARN_ABOUT_RETURN_TYPE = YES_ERROR;
				GCC_WARN_UNDECLARED_SELECTOR = YES;
				GCC_WARN_UNINITIALIZED_AUTOS = YES_AGGRESSIVE;
				GCC_WARN_UNUSED_FUNCTION = YES;
				GCC_WARN_UNUSED_VARIABLE = YES;
				IPHONEOS_DEPLOYMENT_TARGET = 18.2;
				LOCALIZATION_PREFERS_STRING_CATALOGS = YES;
				MTL_ENABLE_DEBUG_INFO = NO;
				MTL_FAST_MATH = YES;
				SDKROOT = iphoneos;
				SWIFT_COMPILATION_MODE = wholemodule;
				VALIDATE_PRODUCT = YES;
			};
			name = Release;
		};
		D9838DE62D50C54500E99D23 /* Debug */ = {
			isa = XCBuildConfiguration;
			buildSettings = {
				BUNDLE_LOADER = "$(TEST_HOST)";
				CODE_SIGN_STYLE = Automatic;
				CURRENT_PROJECT_VERSION = 1;
				GENERATE_INFOPLIST_FILE = YES;
				IPHONEOS_DEPLOYMENT_TARGET = 18.2;
				MARKETING_VERSION = 1.0;
				PRODUCT_BUNDLE_IDENTIFIER = "LS-.Stock-Crypto-AITests";
				PRODUCT_NAME = "$(TARGET_NAME)";
				SWIFT_EMIT_LOC_STRINGS = NO;
				SWIFT_VERSION = 5.0;
				TARGETED_DEVICE_FAMILY = "1,2";
				TEST_HOST = "$(BUILT_PRODUCTS_DIR)/Stock_Crypto_AI.app/$(BUNDLE_EXECUTABLE_FOLDER_PATH)/Stock_Crypto_AI";
			};
			name = Debug;
		};
		D9838DE72D50C54500E99D23 /* Release */ = {
			isa = XCBuildConfiguration;
			buildSettings = {
				BUNDLE_LOADER = "$(TEST_HOST)";
				CODE_SIGN_STYLE = Automatic;
				CURRENT_PROJECT_VERSION = 1;
				GENERATE_INFOPLIST_FILE = YES;
				IPHONEOS_DEPLOYMENT_TARGET = 18.2;
				MARKETING_VERSION = 1.0;
				PRODUCT_BUNDLE_IDENTIFIER = "LS-.Stock-Crypto-AITests";
				PRODUCT_NAME = "$(TARGET_NAME)";
				SWIFT_EMIT_LOC_STRINGS = NO;
				SWIFT_VERSION = 5.0;
				TARGETED_DEVICE_FAMILY = "1,2";
				TEST_HOST = "$(BUILT_PRODUCTS_DIR)/Stock_Crypto_AI.app/$(BUNDLE_EXECUTABLE_FOLDER_PATH)/Stock_Crypto_AI";
			};
			name = Release;
		};
		D9838DE92D50C54500E99D23 /* Debug */ = {
			isa = XCBuildConfiguration;
			buildSettings = {
				CODE_SIGN_STYLE = Automatic;
				CURRENT_PROJECT_VERSION = 1;
				GENERATE_INFOPLIST_FILE = YES;
				MARKETING_VERSION = 1.0;
				PRODUCT_BUNDLE_IDENTIFIER = "LS-.Stock-Crypto-AIUITests";
				PRODUCT_NAME = "$(TARGET_NAME)";
				SWIFT_EMIT_LOC_STRINGS = NO;
				SWIFT_VERSION = 5.0;
				TARGETED_DEVICE_FAMILY = "1,2";
				TEST_TARGET_NAME = Stock_Crypto_AI;
			};
			name = Debug;
		};
		D9838DEA2D50C54500E99D23 /* Release */ = {
			isa = XCBuildConfiguration;
			buildSettings = {
				CODE_SIGN_STYLE = Automatic;
				CURRENT_PROJECT_VERSION = 1;
				GENERATE_INFOPLIST_FILE = YES;
				MARKETING_VERSION = 1.0;
				PRODUCT_BUNDLE_IDENTIFIER = "LS-.Stock-Crypto-AIUITests";
				PRODUCT_NAME = "$(TARGET_NAME)";
				SWIFT_EMIT_LOC_STRINGS = NO;
				SWIFT_VERSION = 5.0;
				TARGETED_DEVICE_FAMILY = "1,2";
				TEST_TARGET_NAME = Stock_Crypto_AI;
			};
			name = Release;
		};
/* End XCBuildConfiguration section */

/* Begin XCConfigurationList section */
		D9838DB42D50C54400E99D23 /* Build configuration list for PBXProject "Stock_Crypto_AI" */ = {
			isa = XCConfigurationList;
			buildConfigurations = (
				D9838DE32D50C54500E99D23 /* Debug */,
				D9838DE42D50C54500E99D23 /* Release */,
			);
			defaultConfigurationIsVisible = 0;
			defaultConfigurationName = Release;
		};
		D9838DE02D50C54500E99D23 /* Build configuration list for PBXNativeTarget "Stock_Crypto_AI" */ = {
			isa = XCConfigurationList;
			buildConfigurations = (
				D9838DE12D50C54500E99D23 /* Debug */,
				D9838DE22D50C54500E99D23 /* Release */,
			);
			defaultConfigurationIsVisible = 0;
			defaultConfigurationName = Release;
		};
		D9838DE52D50C54500E99D23 /* Build configuration list for PBXNativeTarget "Stock_Crypto_AITests" */ = {
			isa = XCConfigurationList;
			buildConfigurations = (
				D9838DE62D50C54500E99D23 /* Debug */,
				D9838DE72D50C54500E99D23 /* Release */,
			);
			defaultConfigurationIsVisible = 0;
			defaultConfigurationName = Release;
		};
		D9838DE82D50C54500E99D23 /* Build configuration list for PBXNativeTarget "Stock_Crypto_AIUITests" */ = {
			isa = XCConfigurationList;
			buildConfigurations = (
				D9838DE92D50C54500E99D23 /* Debug */,
				D9838DEA2D50C54500E99D23 /* Release */,
			);
			defaultConfigurationIsVisible = 0;
			defaultConfigurationName = Release;
		};
/* End XCConfigurationList section */
	};
	rootObject = D9838DB12D50C54400E99D23 /* Project object */;
}
